
Microsoft Visual Studio Solution File, Format Version 12.00
# Visual Studio Version 17
VisualStudioVersion = 17.1.32210.238
MinimumVisualStudioVersion = 10.0.40219.1
Project("{9A19103F-16F7-4668-BE54-9A1E7A4F7556}") = "TrackerLibrary", "TrackerLibrary\TrackerLibrary.csproj", "{9A18C750-3968-4BB6-BC34-CB0AAA651403}"
EndProject
Project("{FAE04EC0-301F-11D3-BF4B-00C04F79EFBC}") = "TrackerUI", "TrackerUI\TrackerUI.csproj", "{836735B8-516B-4359-80D6-4AD65C70D66B}"
EndProject
Global
	GlobalSection(SolutionConfigurationPlatforms) = preSolution
		Debug|Any CPU = Debug|Any CPU
		Release|Any CPU = Release|Any CPU
	EndGlobalSection
	GlobalSection(ProjectConfigurationPlatforms) = postSolution
		{9A18C750-3968-4BB6-BC34-CB0AAA651403}.Debug|Any CPU.ActiveCfg = Debug|Any CPU
		{9A18C750-3968-4BB6-BC34-CB0AAA651403}.Debug|Any CPU.Build.0 = Debug|Any CPU
		{9A18C750-3968-4BB6-BC34-CB0AAA651403}.Release|Any CPU.ActiveCfg = Release|Any CPU
		{9A18C750-3968-4BB6-BC34-CB0AAA651403}.Release|Any CPU.Build.0 = Release|Any CPU
		{836735B8-516B-4359-80D6-4AD65C70D66B}.Debug|Any CPU.ActiveCfg = Debug|Any CPU
		{836735B8-516B-4359-80D6-4AD65C70D66B}.Debug|Any CPU.Build.0 = Debug|Any CPU
		{836735B8-516B-4359-80D6-4AD65C70D66B}.Release|Any CPU.ActiveCfg = Release|Any CPU
		{836735B8-516B-4359-80D6-4AD65C70D66B}.Release|Any CPU.Build.0 = Release|Any CPU
	EndGlobalSection
	GlobalSection(SolutionProperties) = preSolution
		HideSolutionNode = FALSE
	EndGlobalSection
	GlobalSection(ExtensibilityGlobals) = postSolution
		SolutionGuid = {728DE26C-F30E-4579-82D6-C6C52AE04ED2}
	EndGlobalSection
EndGlobal
